Microsoft Visual Studio Solution File, Format Version 12.00
# Visual Studio Version 17
VisualStudioVersion = 17.5.2.0
MinimumVisualStudioVersion = 10.0.40219.1
Project("{FAE04EC0-301F-11D3-BF4B-00C04F79EFBC}") = "SoundDebug.Frontend", "SoundDebug.Frontend\SoundDebug.Frontend.csproj", "{870B60EB-74A5-630B-651A-9DB42F960055}"
EndProject
Global
	GlobalSection(SolutionConfigurationPlatforms) = preSolution
		Debug|Any CPU = Debug|Any CPU
		Release|Any CPU = Release|Any CPU
	EndGlobalSection
	GlobalSection(ProjectConfigurationPlatforms) = postSolution
		{870B60EB-74A5-630B-651A-9DB42F960055}.Debug|Any CPU.ActiveCfg = Debug|Any CPU
		{870B60EB-74A5-630B-651A-9DB42F960055}.Debug|Any CPU.Build.0 = Debug|Any CPU
		{870B60EB-74A5-630B-651A-9DB42F960055}.Release|Any CPU.ActiveCfg = Release|Any CPU
		{870B60EB-74A5-630B-651A-9DB42F960055}.Release|Any CPU.Build.0 = Release|Any CPU
	EndGlobalSection
	GlobalSection(SolutionProperties) = preSolution
		HideSolutionNode = FALSE
	EndGlobalSection
	GlobalSection(ExtensibilityGlobals) = postSolution
		SolutionGuid = {DE6B6EE8-CAB5-4BFC-8BA4-25457D4B6EBC}
	EndGlobalSection
EndGlobal
